
Microsoft Visual Studio Solution File, Format Version 12.00
# Visual Studio Version 17
VisualStudioVersion = 17.6.33815.320
MinimumVisualStudioVersion = 10.0.40219.1
Project("{FAE04EC0-301F-11D3-BF4B-00C04F79EFBC}") = "WpfApp5", "WpfApp5\WpfApp5.csproj", "{13EA15AF-5834-4B3C-965F-23F620B31857}"
EndProject
Global
	GlobalSection(SolutionConfigurationPlatforms) = preSolution
		Debug|Any CPU = Debug|Any CPU
		Release|Any CPU = Release|Any CPU
	EndGlobalSection
	GlobalSection(ProjectConfigurationPlatforms) = postSolution
		{13EA15AF-5834-4B3C-965F-23F620B31857}.Debug|Any CPU.ActiveCfg = Debug|Any CPU
		{13EA15AF-5834-4B3C-965F-23F620B31857}.Debug|Any CPU.Build.0 = Debug|Any CPU
		{13EA15AF-5834-4B3C-965F-23F620B31857}.Release|Any CPU.ActiveCfg = Release|Any CPU
		{13EA15AF-5834-4B3C-965F-23F620B31857}.Release|Any CPU.Build.0 = Release|Any CPU
	EndGlobalSection
	GlobalSection(SolutionProperties) = preSolution
		HideSolutionNode = FALSE
	EndGlobalSection
	GlobalSection(ExtensibilityGlobals) = postSolution
		SolutionGuid = {F3435EC0-C001-4074-8AC2-98EB8ECA9994}
	EndGlobalSection
EndGlobal
